
Microsoft Visual Studio Solution File, Format Version 12.00
# Visual Studio Version 16
VisualStudioVersion = 16.0.31702.278
MinimumVisualStudioVersion = 10.0.40219.1
Project("{9A19103F-16F7-4668-BE54-9A1E7A4F7556}") = "Atc.Options", "Atc.Options\Atc.Options.csproj", "{2F7702F2-A407-41FB-8C88-7C066237BC75}"
EndProject
Global
	GlobalSection(SolutionConfigurationPlatforms) = preSolution
		Debug|Any CPU = Debug|Any CPU
		Release|Any CPU = Release|Any CPU
	EndGlobalSection
	GlobalSection(ProjectConfigurationPlatforms) = postSolution
		{2F7702F2-A407-41FB-8C88-7C066237BC75}.Debug|Any CPU.ActiveCfg = Debug|Any CPU
		{2F7702F2-A407-41FB-8C88-7C066237BC75}.Debug|Any CPU.Build.0 = Debug|Any CPU
		{2F7702F2-A407-41FB-8C88-7C066237BC75}.Release|Any CPU.ActiveCfg = Release|Any CPU
		{2F7702F2-A407-41FB-8C88-7C066237BC75}.Release|Any CPU.Build.0 = Release|Any CPU
	EndGlobalSection
	GlobalSection(SolutionProperties) = preSolution
		HideSolutionNode = FALSE
	EndGlobalSection
	GlobalSection(ExtensibilityGlobals) = postSolution
		SolutionGuid = {1EC093F7-1E03-4088-BA72-0DEB39AFEE82}
	EndGlobalSection
EndGlobal
